<?xml version="1.0" encoding="utf-8"?>
<Project ToolsVersion="4.0" xmlns="http://schemas.microsoft.com/developer/msbuild/2003">
  <ItemGroup>
    <Filter Include="Source">
      <UniqueIdentifier>{a8381419-eee9-4cf0-b585-52aeb27941a0}</UniqueIdentifier>
    </Filter>
    <Filter Include="Source\Core">
      <UniqueIdentifier>{1f9835d0-2642-44fa-b65a-be5f2004a3ff}</UniqueIdentifier>
    </Filter>
  </ItemGroup>
  <ItemGroup>
    <ClInclude Include="Source\btpch.h">
      <Filter>Source</Filter>
    </ClInclude>
    <ClInclude Include="Source\Berta\Core\Form.h">
      <Filter>Source\Core</Filter>
    </ClInclude>
    <ClInclude Include="Source\Berta\Core\Widget.h">
      <Filter>Source\Core</Filter>
    </ClInclude>
    <ClInclude Include="Source\Berta\Core\BasicTypes.h">
      <Filter>Source\Core</Filter>
    </ClInclude>
  </ItemGroup>
  <ItemGroup>
    <ClCompile Include="Source\btpch.cpp">
      <Filter>Source</Filter>
    </ClCompile>
    <ClCompile Include="Source\Berta\Core\Form.cpp">
      <Filter>Source\Core</Filter>
    </ClCompile>
  </ItemGroup>
</Project>