<?xml version="1.0" encoding="utf-8"?>
<Project ToolsVersion="4.0" xmlns="http://schemas.microsoft.com/developer/msbuild/2003">
  <ItemGroup>
    <Filter Include="Source">
      <UniqueIdentifier>{a8381419-eee9-4cf0-b585-52aeb27941a0}</UniqueIdentifier>
    </Filter>
    <Filter Include="Source\Berta">
      <UniqueIdentifier>{926b3b87-5e8d-412e-bcf7-cc3c253a8cfd}</UniqueIdentifier>
    </Filter>
    <Filter Include="Source\Berta\Platform">
      <UniqueIdentifier>{24ef314e-87fa-4642-8062-a1622b84021e}</UniqueIdentifier>
    </Filter>
    <Filter Include="Source\Berta\Platform\Windows">
      <UniqueIdentifier>{10b9ff03-9ea9-474b-92ea-739e4b115d9f}</UniqueIdentifier>
    </Filter>
    <Filter Include="Source\Berta\Core">
      <UniqueIdentifier>{1f9835d0-2642-44fa-b65a-be5f2004a3ff}</UniqueIdentifier>
    </Filter>
    <Filter Include="Source\Berta\API">
      <UniqueIdentifier>{b493bda4-8340-43c5-9e5a-ff436d5010c5}</UniqueIdentifier>
    </Filter>
    <Filter Include="Source\Berta\GUI">
      <UniqueIdentifier>{0c2e6a58-caa9-43bd-bcad-95d0d37b1b16}</UniqueIdentifier>
    </Filter>
    <Filter Include="Source\Berta\Paint">
      <UniqueIdentifier>{27cdea69-aad3-4669-93a6-02d91d6ac7ce}</UniqueIdentifier>
    </Filter>
    <Filter Include="Source\Berta\Controls">
      <UniqueIdentifier>{84176aab-a0cd-4eda-80b2-9ddd73b069f0}</UniqueIdentifier>
    </Filter>
    <Filter Include="Source\Berta\Controls\TextEditors">
      <UniqueIdentifier>{7f239791-3cbe-4211-ab75-36c5fff9a52a}</UniqueIdentifier>
    </Filter>
    <Filter Include="Source\Berta\Controls\Floating">
      <UniqueIdentifier>{ad295461-a638-4063-952c-61fcc47ad01b}</UniqueIdentifier>
    </Filter>
  </ItemGroup>
  <ItemGroup>
    <ClInclude Include="Source\btpch.h">
      <Filter>Source</Filter>
    </ClInclude>
    <ClInclude Include="Source\Berta\Core\BasicTypes.h">
      <Filter>Source\Berta\Core</Filter>
    </ClInclude>
    <ClInclude Include="Source\Berta\Core\Logger.h">
      <Filter>Source\Berta\Core</Filter>
    </ClInclude>
    <ClInclude Include="Source\Berta\Core\Assert.h">
      <Filter>Source\Berta\Core</Filter>
    </ClInclude>
    <ClInclude Include="Source\Berta\Core\Log.h">
      <Filter>Source\Berta\Core</Filter>
    </ClInclude>
    <ClInclude Include="Source\Berta\Core\Base.h">
      <Filter>Source\Berta\Core</Filter>
    </ClInclude>
    <ClInclude Include="Source\Berta\Core\Foundation.h">
      <Filter>Source\Berta\Core</Filter>
    </ClInclude>
    <ClInclude Include="Source\Berta.h">
      <Filter>Source</Filter>
    </ClInclude>
    <ClInclude Include="Source\Berta\EntryPoint.h">
      <Filter>Source\Berta</Filter>
    </ClInclude>
    <ClInclude Include="Source\Berta\API\WindowAPI.h">
      <Filter>Source\Berta\API</Filter>
    </ClInclude>
    <ClInclude Include="Source\Berta\GUI\Interface.h">
      <Filter>Source\Berta\GUI</Filter>
    </ClInclude>
    <ClInclude Include="Source\Berta\GUI\Window.h">
      <Filter>Source\Berta\GUI</Filter>
    </ClInclude>
    <ClInclude Include="Source\Berta\Controls\Label.h">
      <Filter>Source\Berta\Controls</Filter>
    </ClInclude>
    <ClInclude Include="Source\Berta\Paint\Graphics.h">
      <Filter>Source\Berta\Paint</Filter>
    </ClInclude>
    <ClInclude Include="Source\Berta\GUI\Renderer.h">
      <Filter>Source\Berta\GUI</Filter>
    </ClInclude>
    <ClInclude Include="Source\Berta\GUI\WindowManager.h">
      <Filter>Source\Berta\GUI</Filter>
    </ClInclude>
    <ClInclude Include="Source\Berta\Controls\Form.h">
      <Filter>Source\Berta\Controls</Filter>
    </ClInclude>
    <ClInclude Include="Source\Berta\GUI\ControlAppearance.h">
      <Filter>Source\Berta\GUI</Filter>
    </ClInclude>
    <ClInclude Include="Source\Berta\Core\Colors.h">
      <Filter>Source\Berta\Core</Filter>
    </ClInclude>
    <ClInclude Include="Source\Berta\Paint\Font.h">
      <Filter>Source\Berta\Paint</Filter>
    </ClInclude>
    <ClInclude Include="Source\Berta\Controls\Button.h">
      <Filter>Source\Berta\Controls</Filter>
    </ClInclude>
    <ClInclude Include="Source\Berta\GUI\CommonEvents.h">
      <Filter>Source\Berta\GUI</Filter>
    </ClInclude>
    <ClInclude Include="Source\Berta\Core\Event.h">
      <Filter>Source\Berta\Core</Filter>
    </ClInclude>
    <ClInclude Include="Source\Berta\Paint\FontProvider.h">
      <Filter>Source\Berta\Paint</Filter>
    </ClInclude>
    <ClInclude Include="Source\Berta\Controls\InputText.h">
      <Filter>Source\Berta\Controls</Filter>
    </ClInclude>
    <ClInclude Include="Source\Berta\Core\Timer.h">
      <Filter>Source\Berta\Core</Filter>
    </ClInclude>
    <ClInclude Include="Source\Berta\GUI\Control.h">
      <Filter>Source\Berta\GUI</Filter>
    </ClInclude>
    <ClInclude Include="Source\Berta\GUI\Caret.h">
      <Filter>Source\Berta\GUI</Filter>
    </ClInclude>
    <ClInclude Include="Source\Berta\Controls\TextEditors\TextEditor.h">
      <Filter>Source\Berta\Controls\TextEditors</Filter>
    </ClInclude>
    <ClInclude Include="Source\Berta\GUI\ControlReactor.h">
      <Filter>Source\Berta\GUI</Filter>
    </ClInclude>
    <ClInclude Include="Source\Berta\Controls\ComboBox.h">
      <Filter>Source\Berta\Controls</Filter>
    </ClInclude>
    <ClInclude Include="Source\Berta\GUI\Cursor.h">
      <Filter>Source\Berta\GUI</Filter>
    </ClInclude>
    <ClInclude Include="Source\Berta\Controls\Floating\FloatBox.h">
      <Filter>Source\Berta\Controls\Floating</Filter>
    </ClInclude>
    <ClInclude Include="Source\Berta\Controls\Floating\InteractionData.h">
      <Filter>Source\Berta\Controls\Floating</Filter>
    </ClInclude>
    <ClInclude Include="Source\Berta\GUI\EnumTypes.h" />
  </ItemGroup>
  <ItemGroup>
    <ClCompile Include="Source\btpch.cpp">
      <Filter>Source</Filter>
    </ClCompile>
    <ClCompile Include="Source\Berta\Core\Log.cpp">
      <Filter>Source\Berta\Core</Filter>
    </ClCompile>
    <ClCompile Include="Source\Berta\Core\Logger.cpp">
      <Filter>Source\Berta\Core</Filter>
    </ClCompile>
    <ClCompile Include="Source\Berta\Core\Base.cpp">
      <Filter>Source\Berta\Core</Filter>
    </ClCompile>
    <ClCompile Include="Source\Berta\Platform\Windows\Foundation_Win32.cpp">
      <Filter>Source\Berta\Platform\Windows</Filter>
    </ClCompile>
    <ClCompile Include="Source\Berta\API\WindowAPI.cpp">
      <Filter>Source\Berta\API</Filter>
    </ClCompile>
    <ClCompile Include="Source\Berta\GUI\Interface.cpp">
      <Filter>Source\Berta\GUI</Filter>
    </ClCompile>
    <ClCompile Include="Source\Berta\Core\Foundation.cpp">
      <Filter>Source\Berta\Core</Filter>
    </ClCompile>
    <ClCompile Include="Source\Berta\Controls\Label.cpp">
      <Filter>Source\Berta\Controls</Filter>
    </ClCompile>
    <ClCompile Include="Source\Berta\Paint\Graphics.cpp">
      <Filter>Source\Berta\Paint</Filter>
    </ClCompile>
    <ClCompile Include="Source\Berta\GUI\Renderer.cpp">
      <Filter>Source\Berta\GUI</Filter>
    </ClCompile>
    <ClCompile Include="Source\Berta\GUI\WindowManager.cpp">
      <Filter>Source\Berta\GUI</Filter>
    </ClCompile>
    <ClCompile Include="Source\Berta\Controls\Form.cpp">
      <Filter>Source\Berta\Controls</Filter>
    </ClCompile>
    <ClCompile Include="Source\Berta\Core\BasicTypes.cpp">
      <Filter>Source\Berta\Core</Filter>
    </ClCompile>
    <ClCompile Include="Source\Berta\Controls\Button.cpp">
      <Filter>Source\Berta\Controls</Filter>
    </ClCompile>
    <ClCompile Include="Source\Berta\Core\Event.cpp">
      <Filter>Source\Berta\Core</Filter>
    </ClCompile>
    <ClCompile Include="Source\Berta\Controls\InputText.cpp">
      <Filter>Source\Berta\Controls</Filter>
    </ClCompile>
    <ClCompile Include="Source\Berta\GUI\Control.cpp">
      <Filter>Source\Berta\GUI</Filter>
    </ClCompile>
    <ClCompile Include="Source\Berta\Core\Timer.cpp">
      <Filter>Source\Berta\Core</Filter>
    </ClCompile>
    <ClCompile Include="Source\Berta\GUI\Caret.cpp">
      <Filter>Source\Berta\GUI</Filter>
    </ClCompile>
    <ClCompile Include="Source\Berta\Controls\TextEditors\TextEditor.cpp">
      <Filter>Source\Berta\Controls\TextEditors</Filter>
    </ClCompile>
    <ClCompile Include="Source\Berta\GUI\ControlReactor.cpp">
      <Filter>Source\Berta\GUI</Filter>
    </ClCompile>
    <ClCompile Include="Source\Berta\Controls\ComboBox.cpp">
      <Filter>Source\Berta\Controls</Filter>
    </ClCompile>
    <ClCompile Include="Source\Berta\Controls\Floating\FloatBox.cpp">
      <Filter>Source\Berta\Controls\Floating</Filter>
    </ClCompile>
  </ItemGroup>
</Project>